
Microsoft Visual Studio Solution File, Format Version 12.00
# Visual Studio 2012
Project("{FAE04EC0-301F-11D3-BF4B-00C04F79EFBC}") = "BCBS", "BCBS\BCBS.csproj", "{9530A9AD-03A3-4EBA-BE4A-7ED1750C88A2}"
	ProjectSection(ProjectDependencies) = postProject
		{38AC07F5-865D-4B9F-A64E-75CE4C4B6547} = {38AC07F5-865D-4B9F-A64E-75CE4C4B6547}
	EndProjectSection
EndProject
Project("{FAE04EC0-301F-11D3-BF4B-00C04F79EFBC}") = "wcfService", "wcfService\wcfService.csproj", "{38AC07F5-865D-4B9F-A64E-75CE4C4B6547}"
EndProject
Global
	GlobalSection(SolutionConfigurationPlatforms) = preSolution
		Debug|Any CPU = Debug|Any CPU
		Release|Any CPU = Release|Any CPU
	EndGlobalSection
	GlobalSection(ProjectConfigurationPlatforms) = postSolution
		{9530A9AD-03A3-4EBA-BE4A-7ED1750C88A2}.Debug|Any CPU.ActiveCfg = Debug|Any CPU
		{9530A9AD-03A3-4EBA-BE4A-7ED1750C88A2}.Debug|Any CPU.Build.0 = Debug|Any CPU
		{9530A9AD-03A3-4EBA-BE4A-7ED1750C88A2}.Release|Any CPU.ActiveCfg = Release|Any CPU
		{9530A9AD-03A3-4EBA-BE4A-7ED1750C88A2}.Release|Any CPU.Build.0 = Release|Any CPU
		{38AC07F5-865D-4B9F-A64E-75CE4C4B6547}.Debug|Any CPU.ActiveCfg = Debug|Any CPU
		{38AC07F5-865D-4B9F-A64E-75CE4C4B6547}.Debug|Any CPU.Build.0 = Debug|Any CPU
		{38AC07F5-865D-4B9F-A64E-75CE4C4B6547}.Release|Any CPU.ActiveCfg = Release|Any CPU
		{38AC07F5-865D-4B9F-A64E-75CE4C4B6547}.Release|Any CPU.Build.0 = Release|Any CPU
	EndGlobalSection
	GlobalSection(SolutionProperties) = preSolution
		HideSolutionNode = FALSE
	EndGlobalSection
EndGlobal
